// !$*UTF8*$!
{
	archiveVersion = 1;
	classes = {
	};
	objectVersion = 50;
	objects = {

/* Begin PBXBuildFile section */
		4270D359238261AF00735A56 /* AppDelegate.swift in Sources */ = {isa = PBXBuildFile; fileRef = 4270D358238261AF00735A56 /* AppDelegate.swift */; };
		4270D35B238261AF00735A56 /* ViewController.swift in Sources */ = {isa = PBXBuildFile; fileRef = 4270D35A238261AF00735A56 /* ViewController.swift */; };
		4270D360238261B100735A56 /* Assets.xcassets in Resources */ = {isa = PBXBuildFile; fileRef = 4270D35F238261B100735A56 /* Assets.xcassets */; };
		4270D363238261B100735A56 /* LaunchScreen.storyboard in Resources */ = {isa = PBXBuildFile; fileRef = 4270D361238261B100735A56 /* LaunchScreen.storyboard */; };
		4270D36E238261B100735A56 /* ContactsNetworkTests.swift in Sources */ = {isa = PBXBuildFile; fileRef = 4270D36D238261B100735A56 /* ContactsNetworkTests.swift */; };
		4270D379238261B200735A56 /* ContactsNetworkUITests.swift in Sources */ = {isa = PBXBuildFile; fileRef = 4270D378238261B200735A56 /* ContactsNetworkUITests.swift */; };
		427D5B312396A21C002E3F1B /* Main.storyboard in Resources */ = {isa = PBXBuildFile; fileRef = 427D5B2F2396A21B002E3F1B /* Main.storyboard */; };
		42FFA53C23842B0500193F5B /* Name.swift in Sources */ = {isa = PBXBuildFile; fileRef = 42FFA53423842B0300193F5B /* Name.swift */; };
		42FFA53D23842B0500193F5B /* EnterNameVC.swift in Sources */ = {isa = PBXBuildFile; fileRef = 42FFA53523842B0400193F5B /* EnterNameVC.swift */; };
		42FFA53E23842B0500193F5B /* Date+Extensions.swift in Sources */ = {isa = PBXBuildFile; fileRef = 42FFA53623842B0400193F5B /* Date+Extensions.swift */; };
		42FFA53F23842B0500193F5B /* Note.swift in Sources */ = {isa = PBXBuildFile; fileRef = 42FFA53723842B0400193F5B /* Note.swift */; };
		42FFA54023842B0500193F5B /* NoteCell.swift in Sources */ = {isa = PBXBuildFile; fileRef = 42FFA53823842B0400193F5B /* NoteCell.swift */; };
		42FFA54123842B0500193F5B /* NotesListVC.swift in Sources */ = {isa = PBXBuildFile; fileRef = 42FFA53923842B0400193F5B /* NotesListVC.swift */; };
		42FFA54223842B0500193F5B /* API.swift in Sources */ = {isa = PBXBuildFile; fileRef = 42FFA53A23842B0400193F5B /* API.swift */; };
		42FFA54323842B0500193F5B /* String+Extensions.swift in Sources */ = {isa = PBXBuildFile; fileRef = 42FFA53B23842B0500193F5B /* String+Extensions.swift */; };
/* End PBXBuildFile section */

/* Begin PBXContainerItemProxy section */
		4270D36A238261B100735A56 /* PBXContainerItemProxy */ = {
			isa = PBXContainerItemProxy;
			containerPortal = 4270D34D238261AF00735A56 /* Project object */;
			proxyType = 1;
			remoteGlobalIDString = 4270D354238261AF00735A56;
			remoteInfo = ContactsNetwork;
		};
		4270D375238261B100735A56 /* PBXContainerItemProxy */ = {
			isa = PBXContainerItemProxy;
			containerPortal = 4270D34D238261AF00735A56 /* Project object */;
			proxyType = 1;
			remoteGlobalIDString = 4270D354238261AF00735A56;
			remoteInfo = ContactsNetwork;
		};
/* End PBXContainerItemProxy section */

/* Begin PBXFileReference section */
		4270D355238261AF00735A56 /* ContactsNetwork.app */ = {isa = PBXFileReference; explicitFileType = wrapper.application; includeInIndex = 0; path = ContactsNetwork.app; sourceTree = BUILT_PRODUCTS_DIR; };
		4270D358238261AF00735A56 /* AppDelegate.swift */ = {isa = PBXFileReference; lastKnownFileType = sourcecode.swift; path = AppDelegate.swift; sourceTree = "<group>"; };
		4270D35A238261AF00735A56 /* ViewController.swift */ = {isa = PBXFileReference; lastKnownFileType = sourcecode.swift; path = ViewController.swift; sourceTree = "<group>"; };
		4270D35F238261B100735A56 /* Assets.xcassets */ = {isa = PBXFileReference; lastKnownFileType = folder.assetcatalog; path = Assets.xcassets; sourceTree = "<group>"; };
		4270D362238261B100735A56 /* Base */ = {isa = PBXFileReference; lastKnownFileType = file.storyboard; name = Base; path = Base.lproj/LaunchScreen.storyboard; sourceTree = "<group>"; };
		4270D364238261B100735A56 /* Info.plist */ = {isa = PBXFileReference; lastKnownFileType = text.plist.xml; path = Info.plist; sourceTree = "<group>"; };
		4270D369238261B100735A56 /* ContactsNetworkTests.xctest */ = {isa = PBXFileReference; explicitFileType = wrapper.cfbundle; includeInIndex = 0; path = ContactsNetworkTests.xctest; sourceTree = BUILT_PRODUCTS_DIR; };
		4270D36D238261B100735A56 /* ContactsNetworkTests.swift */ = {isa = PBXFileReference; lastKnownFileType = sourcecode.swift; path = ContactsNetworkTests.swift; sourceTree = "<group>"; };
		4270D36F238261B100735A56 /* Info.plist */ = {isa = PBXFileReference; lastKnownFileType = text.plist.xml; path = Info.plist; sourceTree = "<group>"; };
		4270D374238261B100735A56 /* ContactsNetworkUITests.xctest */ = {isa = PBXFileReference; explicitFileType = wrapper.cfbundle; includeInIndex = 0; path = ContactsNetworkUITests.xctest; sourceTree = BUILT_PRODUCTS_DIR; };
		4270D378238261B200735A56 /* ContactsNetworkUITests.swift */ = {isa = PBXFileReference; lastKnownFileType = sourcecode.swift; path = ContactsNetworkUITests.swift; sourceTree = "<group>"; };
		4270D37A238261B200735A56 /* Info.plist */ = {isa = PBXFileReference; lastKnownFileType = text.plist.xml; path = Info.plist; sourceTree = "<group>"; };
		4270D3912382679F00735A56 /* Panity-master */ = {isa = PBXFileReference; lastKnownFileType = folder; name = "Panity-master"; path = "../../Documents/GitHub/Panity-master"; sourceTree = "<group>"; };
		427D5B302396A21B002E3F1B /* Base */ = {isa = PBXFileReference; lastKnownFileType = file.storyboard; name = Base; path = Base.lproj/Main.storyboard; sourceTree = "<group>"; };
		42FFA53423842B0300193F5B /* Name.swift */ = {isa = PBXFileReference; fileEncoding = 4; lastKnownFileType = sourcecode.swift; path = Name.swift; sourceTree = "<group>"; };
		42FFA53523842B0400193F5B /* EnterNameVC.swift */ = {isa = PBXFileReference; fileEncoding = 4; lastKnownFileType = sourcecode.swift; path = EnterNameVC.swift; sourceTree = "<group>"; };
		42FFA53623842B0400193F5B /* Date+Extensions.swift */ = {isa = PBXFileReference; fileEncoding = 4; lastKnownFileType = sourcecode.swift; path = "Date+Extensions.swift"; sourceTree = "<group>"; };
		42FFA53723842B0400193F5B /* Note.swift */ = {isa = PBXFileReference; fileEncoding = 4; lastKnownFileType = sourcecode.swift; path = Note.swift; sourceTree = "<group>"; };
		42FFA53823842B0400193F5B /* NoteCell.swift */ = {isa = PBXFileReference; fileEncoding = 4; lastKnownFileType = sourcecode.swift; path = NoteCell.swift; sourceTree = "<group>"; };
		42FFA53923842B0400193F5B /* NotesListVC.swift */ = {isa = PBXFileReference; fileEncoding = 4; lastKnownFileType = sourcecode.swift; path = NotesListVC.swift; sourceTree = "<group>"; };
		42FFA53A23842B0400193F5B /* API.swift */ = {isa = PBXFileReference; fileEncoding = 4; lastKnownFileType = sourcecode.swift; path = API.swift; sourceTree = "<group>"; };
		42FFA53B23842B0500193F5B /* String+Extensions.swift */ = {isa = PBXFileReference; fileEncoding = 4; lastKnownFileType = sourcecode.swift; path = "String+Extensions.swift"; sourceTree = "<group>"; };
/* End PBXFileReference section */

/* Begin PBXFrameworksBuildPhase section */
		4270D352238261AF00735A56 /* Frameworks */ = {
			isa = PBXFrameworksBuildPhase;
			buildActionMask = 2147483647;
			files = (
			);
			runOnlyForDeploymentPostprocessing = 0;
		};
		4270D366238261B100735A56 /* Frameworks */ = {
			isa = PBXFrameworksBuildPhase;
			buildActionMask = 2147483647;
			files = (
			);
			runOnlyForDeploymentPostprocessing = 0;
		};
		4270D371238261B100735A56 /* Frameworks */ = {
			isa = PBXFrameworksBuildPhase;
			buildActionMask = 2147483647;
			files = (
			);
			runOnlyForDeploymentPostprocessing = 0;
		};
/* End PBXFrameworksBuildPhase section */

/* Begin PBXGroup section */
		4270D34C238261AF00735A56 = {
			isa = PBXGroup;
			children = (
				4270D357238261AF00735A56 /* ContactsNetwork */,
				4270D36C238261B100735A56 /* ContactsNetworkTests */,
				4270D377238261B200735A56 /* ContactsNetworkUITests */,
				4270D356238261AF00735A56 /* Products */,
				4270D3902382679E00735A56 /* Frameworks */,
			);
			sourceTree = "<group>";
		};
		4270D356238261AF00735A56 /* Products */ = {
			isa = PBXGroup;
			children = (
				4270D355238261AF00735A56 /* ContactsNetwork.app */,
				4270D369238261B100735A56 /* ContactsNetworkTests.xctest */,
				4270D374238261B100735A56 /* ContactsNetworkUITests.xctest */,
			);
			name = Products;
			sourceTree = "<group>";
		};
		4270D357238261AF00735A56 /* ContactsNetwork */ = {
			isa = PBXGroup;
			children = (
				4270D358238261AF00735A56 /* AppDelegate.swift */,
				4270D35A238261AF00735A56 /* ViewController.swift */,
				42FFA53A23842B0400193F5B /* API.swift */,
				42FFA53623842B0400193F5B /* Date+Extensions.swift */,
				42FFA53523842B0400193F5B /* EnterNameVC.swift */,
				42FFA53423842B0300193F5B /* Name.swift */,
				42FFA53723842B0400193F5B /* Note.swift */,
				42FFA53823842B0400193F5B /* NoteCell.swift */,
				42FFA53923842B0400193F5B /* NotesListVC.swift */,
				42FFA53B23842B0500193F5B /* String+Extensions.swift */,
				4270D35F238261B100735A56 /* Assets.xcassets */,
				427D5B2F2396A21B002E3F1B /* Main.storyboard */,
				4270D361238261B100735A56 /* LaunchScreen.storyboard */,
				4270D364238261B100735A56 /* Info.plist */,
			);
			path = ContactsNetwork;
			sourceTree = "<group>";
		};
		4270D36C238261B100735A56 /* ContactsNetworkTests */ = {
			isa = PBXGroup;
			children = (
				4270D36D238261B100735A56 /* ContactsNetworkTests.swift */,
				4270D36F238261B100735A56 /* Info.plist */,
			);
			path = ContactsNetworkTests;
			sourceTree = "<group>";
		};
		4270D377238261B200735A56 /* ContactsNetworkUITests */ = {
			isa = PBXGroup;
			children = (
				4270D378238261B200735A56 /* ContactsNetworkUITests.swift */,
				4270D37A238261B200735A56 /* Info.plist */,
			);
			path = ContactsNetworkUITests;
			sourceTree = "<group>";
		};
		4270D3902382679E00735A56 /* Frameworks */ = {
			isa = PBXGroup;
			children = (
				4270D3912382679F00735A56 /* Panity-master */,
			);
			name = Frameworks;
			sourceTree = "<group>";
		};
/* End PBXGroup section */

/* Begin PBXNativeTarget section */
		4270D354238261AF00735A56 /* ContactsNetwork */ = {
			isa = PBXNativeTarget;
			buildConfigurationList = 4270D37D238261B200735A56 /* Build configuration list for PBXNativeTarget "ContactsNetwork" */;
			buildPhases = (
				4270D351238261AF00735A56 /* Sources */,
				4270D352238261AF00735A56 /* Frameworks */,
				4270D353238261AF00735A56 /* Resources */,
			);
			buildRules = (
			);
			dependencies = (
			);
			name = ContactsNetwork;
			productName = ContactsNetwork;
			productReference = 4270D355238261AF00735A56 /* ContactsNetwork.app */;
			productType = "com.apple.product-type.application";
		};
		4270D368238261B100735A56 /* ContactsNetworkTests */ = {
			isa = PBXNativeTarget;
			buildConfigurationList = 4270D380238261B200735A56 /* Build configuration list for PBXNativeTarget "ContactsNetworkTests" */;
			buildPhases = (
				4270D365238261B100735A56 /* Sources */,
				4270D366238261B100735A56 /* Frameworks */,
				4270D367238261B100735A56 /* Resources */,
			);
			buildRules = (
			);
			dependencies = (
				4270D36B238261B100735A56 /* PBXTargetDependency */,
			);
			name = ContactsNetworkTests;
			productName = ContactsNetworkTests;
			productReference = 4270D369238261B100735A56 /* ContactsNetworkTests.xctest */;
			productType = "com.apple.product-type.bundle.unit-test";
		};
		4270D373238261B100735A56 /* ContactsNetworkUITests */ = {
			isa = PBXNativeTarget;
			buildConfigurationList = 4270D383238261B200735A56 /* Build configuration list for PBXNativeTarget "ContactsNetworkUITests" */;
			buildPhases = (
				4270D370238261B100735A56 /* Sources */,
				4270D371238261B100735A56 /* Frameworks */,
				4270D372238261B100735A56 /* Resources */,
			);
			buildRules = (
			);
			dependencies = (
				4270D376238261B100735A56 /* PBXTargetDependency */,
			);
			name = ContactsNetworkUITests;
			productName = ContactsNetworkUITests;
			productReference = 4270D374238261B100735A56 /* ContactsNetworkUITests.xctest */;
			productType = "com.apple.product-type.bundle.ui-testing";
		};
/* End PBXNativeTarget section */

/* Begin PBXProject section */
		4270D34D238261AF00735A56 /* Project object */ = {
			isa = PBXProject;
			attributes = {
				LastSwiftUpdateCheck = 0940;
				LastUpgradeCheck = 0940;
				ORGANIZATIONNAME = Sergey;
				TargetAttributes = {
					4270D354238261AF00735A56 = {
						CreatedOnToolsVersion = 9.4.1;
					};
					4270D368238261B100735A56 = {
						CreatedOnToolsVersion = 9.4.1;
						TestTargetID = 4270D354238261AF00735A56;
					};
					4270D373238261B100735A56 = {
						CreatedOnToolsVersion = 9.4.1;
						TestTargetID = 4270D354238261AF00735A56;
					};
				};
			};
			buildConfigurationList = 4270D350238261AF00735A56 /* Build configuration list for PBXProject "ContactsNetwork" */;
			compatibilityVersion = "Xcode 9.3";
			developmentRegion = en;
			hasScannedForEncodings = 0;
			knownRegions = (
				en,
				Base,
			);
			mainGroup = 4270D34C238261AF00735A56;
			productRefGroup = 4270D356238261AF00735A56 /* Products */;
			projectDirPath = "";
			projectRoot = "";
			targets = (
				4270D354238261AF00735A56 /* ContactsNetwork */,
				4270D368238261B100735A56 /* ContactsNetworkTests */,
				4270D373238261B100735A56 /* ContactsNetworkUITests */,
			);
		};
/* End PBXProject section */

/* Begin PBXResourcesBuildPhase section */
		4270D353238261AF00735A56 /* Resources */ = {
			isa = PBXResourcesBuildPhase;
			buildActionMask = 2147483647;
			files = (
				427D5B312396A21C002E3F1B /* Main.storyboard in Resources */,
				4270D363238261B100735A56 /* LaunchScreen.storyboard in Resources */,
				4270D360238261B100735A56 /* Assets.xcassets in Resources */,
			);
			runOnlyForDeploymentPostprocessing = 0;
		};
		4270D367238261B100735A56 /* Resources */ = {
			isa = PBXResourcesBuildPhase;
			buildActionMask = 2147483647;
			files = (
			);
			runOnlyForDeploymentPostprocessing = 0;
		};
		4270D372238261B100735A56 /* Resources */ = {
			isa = PBXResourcesBuildPhase;
			buildActionMask = 2147483647;
			files = (
			);
			runOnlyForDeploymentPostprocessing = 0;
		};
/* End PBXResourcesBuildPhase section */

/* Begin PBXSourcesBuildPhase section */
		4270D351238261AF00735A56 /* Sources */ = {
			isa = PBXSourcesBuildPhase;
			buildActionMask = 2147483647;
			files = (
				42FFA53E23842B0500193F5B /* Date+Extensions.swift in Sources */,
				42FFA54323842B0500193F5B /* String+Extensions.swift in Sources */,
				4270D35B238261AF00735A56 /* ViewController.swift in Sources */,
				4270D359238261AF00735A56 /* AppDelegate.swift in Sources */,
				42FFA53F23842B0500193F5B /* Note.swift in Sources */,
				42FFA54123842B0500193F5B /* NotesListVC.swift in Sources */,
				42FFA53D23842B0500193F5B /* EnterNameVC.swift in Sources */,
				42FFA54023842B0500193F5B /* NoteCell.swift in Sources */,
				42FFA53C23842B0500193F5B /* Name.swift in Sources */,
				42FFA54223842B0500193F5B /* API.swift in Sources */,
			);
			runOnlyForDeploymentPostprocessing = 0;
		};
		4270D365238261B100735A56 /* Sources */ = {
			isa = PBXSourcesBuildPhase;
			buildActionMask = 2147483647;
			files = (
				4270D36E238261B100735A56 /* ContactsNetworkTests.swift in Sources */,
			);
			runOnlyForDeploymentPostprocessing = 0;
		};
		4270D370238261B100735A56 /* Sources */ = {
			isa = PBXSourcesBuildPhase;
			buildActionMask = 2147483647;
			files = (
				4270D379238261B200735A56 /* ContactsNetworkUITests.swift in Sources */,
			);
			runOnlyForDeploymentPostprocessing = 0;
		};
/* End PBXSourcesBuildPhase section */

/* Begin PBXTargetDependency section */
		4270D36B238261B100735A56 /* PBXTargetDependency */ = {
			isa = PBXTargetDependency;
			target = 4270D354238261AF00735A56 /* ContactsNetwork */;
			targetProxy = 4270D36A238261B100735A56 /* PBXContainerItemProxy */;
		};
		4270D376238261B100735A56 /* PBXTargetDependency */ = {
			isa = PBXTargetDependency;
			target = 4270D354238261AF00735A56 /* ContactsNetwork */;
			targetProxy = 4270D375238261B100735A56 /* PBXContainerItemProxy */;
		};
/* End PBXTargetDependency section */

/* Begin PBXVariantGroup section */
		4270D361238261B100735A56 /* LaunchScreen.storyboard */ = {
			isa = PBXVariantGroup;
			children = (
				4270D362238261B100735A56 /* Base */,
			);
			name = LaunchScreen.storyboard;
			sourceTree = "<group>";
		};
		427D5B2F2396A21B002E3F1B /* Main.storyboard */ = {
			isa = PBXVariantGroup;
			children = (
				427D5B302396A21B002E3F1B /* Base */,
			);
			name = Main.storyboard;
			sourceTree = "<group>";
		};
/* End PBXVariantGroup section */

/* Begin XCBuildConfiguration section */
		4270D37B238261B200735A56 /* Debug */ = {
			isa = XCBuildConfiguration;
			buildSettings = {
				ALWAYS_SEARCH_USER_PATHS = NO;
				CLANG_ANALYZER_NONNULL = YES;
				CLANG_ANALYZER_NUMBER_OBJECT_CONVERSION = YES_AGGRESSIVE;
				CLANG_CXX_LANGUAGE_STANDARD = "gnu++14";
				CLANG_CXX_LIBRARY = "libc++";
				CLANG_ENABLE_MODULES = YES;
				CLANG_ENABLE_OBJC_ARC = YES;
				CLANG_ENABLE_OBJC_WEAK = YES;
				CLANG_WARN_BLOCK_CAPTURE_AUTORELEASING = YES;
				CLANG_WARN_BOOL_CONVERSION = YES;
				CLANG_WARN_COMMA = YES;
				CLANG_WARN_CONSTANT_CONVERSION = YES;
				CLANG_WARN_DEPRECATED_OBJC_IMPLEMENTATIONS = YES;
				CLANG_WARN_DIRECT_OBJC_ISA_USAGE = YES_ERROR;
				CLANG_WARN_DOCUMENTATION_COMMENTS = YES;
				CLANG_WARN_EMPTY_BODY = YES;
				CLANG_WARN_ENUM_CONVERSION = YES;
				CLANG_WARN_INFINITE_RECURSION = YES;
				CLANG_WARN_INT_CONVERSION = YES;
				CLANG_WARN_NON_LITERAL_NULL_CONVERSION = YES;
				CLANG_WARN_OBJC_IMPLICIT_RETAIN_SELF = YES;
				CLANG_WARN_OBJC_LITERAL_CONVERSION = YES;
				CLANG_WARN_OBJC_ROOT_CLASS = YES_ERROR;
				CLANG_WARN_RANGE_LOOP_ANALYSIS = YES;
				CLANG_WARN_STRICT_PROTOTYPES = YES;
				CLANG_WARN_SUSPICIOUS_MOVE = YES;
				CLANG_WARN_UNGUARDED_AVAILABILITY = YES_AGGRESSIVE;
				CLANG_WARN_UNREACHABLE_CODE = YES;
				CLANG_WARN__DUPLICATE_METHOD_MATCH = YES;
				CODE_SIGN_IDENTITY = "iPhone Developer";
				COPY_PHASE_STRIP = NO;
				DEBUG_INFORMATION_FORMAT = dwarf;
				ENABLE_STRICT_OBJC_MSGSEND = YES;
				ENABLE_TESTABILITY = YES;
				GCC_C_LANGUAGE_STANDARD = gnu11;
				GCC_DYNAMIC_NO_PIC = NO;
				GCC_NO_COMMON_BLOCKS = YES;
				GCC_OPTIMIZATION_LEVEL = 0;
				GCC_PREPROCESSOR_DEFINITIONS = (
					"DEBUG=1",
					"$(inherited)",
				);
				GCC_WARN_64_TO_32_BIT_CONVERSION = YES;
				GCC_WARN_ABOUT_RETURN_TYPE = YES_ERROR;
				GCC_WARN_UNDECLARED_SELECTOR = YES;
				GCC_WARN_UNINITIALIZED_AUTOS = YES_AGGRESSIVE;
				GCC_WARN_UNUSED_FUNCTION = YES;
				GCC_WARN_UNUSED_VARIABLE = YES;
				IPHONEOS_DEPLOYMENT_TARGET = 11.4;
				MTL_ENABLE_DEBUG_INFO = YES;
				ONLY_ACTIVE_ARCH = YES;
				SDKROOT = iphoneos;
				SWIFT_ACTIVE_COMPILATION_CONDITIONS = DEBUG;
				SWIFT_OPTIMIZATION_LEVEL = "-Onone";
			};
			name = Debug;
		};
		4270D37C238261B200735A56 /* Release */ = {
			isa = XCBuildConfiguration;
			buildSettings = {
				ALWAYS_SEARCH_USER_PATHS = NO;
				CLANG_ANALYZER_NONNULL = YES;
				CLANG_ANALYZER_NUMBER_OBJECT_CONVERSION = YES_AGGRESSIVE;
				CLANG_CXX_LANGUAGE_STANDARD = "gnu++14";
				CLANG_CXX_LIBRARY = "libc++";
				CLANG_ENABLE_MODULES = YES;
				CLANG_ENABLE_OBJC_ARC = YES;
				CLANG_ENABLE_OBJC_WEAK = YES;
				CLANG_WARN_BLOCK_CAPTURE_AUTORELEASING = YES;
				CLANG_WARN_BOOL_CONVERSION = YES;
				CLANG_WARN_COMMA = YES;
				CLANG_WARN_CONSTANT_CONVERSION = YES;
				CLANG_WARN_DEPRECATED_OBJC_IMPLEMENTATIONS = YES;
				CLANG_WARN_DIRECT_OBJC_ISA_USAGE = YES_ERROR;
				CLANG_WARN_DOCUMENTATION_COMMENTS = YES;
				CLANG_WARN_EMPTY_BODY = YES;
				CLANG_WARN_ENUM_CONVERSION = YES;
				CLANG_WARN_INFINITE_RECURSION = YES;
				CLANG_WARN_INT_CONVERSION = YES;
				CLANG_WARN_NON_LITERAL_NULL_CONVERSION = YES;
				CLANG_WARN_OBJC_IMPLICIT_RETAIN_SELF = YES;
				CLANG_WARN_OBJC_LITERAL_CONVERSION = YES;
				CLANG_WARN_OBJC_ROOT_CLASS = YES_ERROR;
				CLANG_WARN_RANGE_LOOP_ANALYSIS = YES;
				CLANG_WARN_STRICT_PROTOTYPES = YES;
				CLANG_WARN_SUSPICIOUS_MOVE = YES;
				CLANG_WARN_UNGUARDED_AVAILABILITY = YES_AGGRESSIVE;
				CLANG_WARN_UNREACHABLE_CODE = YES;
				CLANG_WARN__DUPLICATE_METHOD_MATCH = YES;
				CODE_SIGN_IDENTITY = "iPhone Developer";
				COPY_PHASE_STRIP = NO;
				DEBUG_INFORMATION_FORMAT = "dwarf-with-dsym";
				ENABLE_NS_ASSERTIONS = NO;
				ENABLE_STRICT_OBJC_MSGSEND = YES;
				GCC_C_LANGUAGE_STANDARD = gnu11;
				GCC_NO_COMMON_BLOCKS = YES;
				GCC_WARN_64_TO_32_BIT_CONVERSION = YES;
				GCC_WARN_ABOUT_RETURN_TYPE = YES_ERROR;
				GCC_WARN_UNDECLARED_SELECTOR = YES;
				GCC_WARN_UNINITIALIZED_AUTOS = YES_AGGRESSIVE;
				GCC_WARN_UNUSED_FUNCTION = YES;
				GCC_WARN_UNUSED_VARIABLE = YES;
				IPHONEOS_DEPLOYMENT_TARGET = 11.4;
				MTL_ENABLE_DEBUG_INFO = NO;
				SDKROOT = iphoneos;
				SWIFT_COMPILATION_MODE = wholemodule;
				SWIFT_OPTIMIZATION_LEVEL = "-O";
				VALIDATE_PRODUCT = YES;
			};
			name = Release;
		};
		4270D37E238261B200735A56 /* Debug */ = {
			isa = XCBuildConfiguration;
			buildSettings = {
				ASSETCATALOG_COMPILER_APPICON_NAME = AppIcon;
				CODE_SIGN_STYLE = Automatic;
				INFOPLIST_FILE = ContactsNetwork/Info.plist;
				LD_RUNPATH_SEARCH_PATHS = (
					"$(inherited)",
					"@executable_path/Frameworks",
				);
				PRODUCT_BUNDLE_IDENTIFIER = sergey.ContactsNetwork;
				PRODUCT_NAME = "$(TARGET_NAME)";
				SWIFT_VERSION = 4.0;
				TARGETED_DEVICE_FAMILY = "1,2";
			};
			name = Debug;
		};
		4270D37F238261B200735A56 /* Release */ = {
			isa = XCBuildConfiguration;
			buildSettings = {
				ASSETCATALOG_COMPILER_APPICON_NAME = AppIcon;
				CODE_SIGN_STYLE = Automatic;
				INFOPLIST_FILE = ContactsNetwork/Info.plist;
				LD_RUNPATH_SEARCH_PATHS = (
					"$(inherited)",
					"@executable_path/Frameworks",
				);
				PRODUCT_BUNDLE_IDENTIFIER = sergey.ContactsNetwork;
				PRODUCT_NAME = "$(TARGET_NAME)";
				SWIFT_VERSION = 4.0;
				TARGETED_DEVICE_FAMILY = "1,2";
			};
			name = Release;
		};
		4270D381238261B200735A56 /* Debug */ = {
			isa = XCBuildConfiguration;
			buildSettings = {
				ALWAYS_EMBED_SWIFT_STANDARD_LIBRARIES = YES;
				BUNDLE_LOADER = "$(TEST_HOST)";
				CODE_SIGN_STYLE = Automatic;
				INFOPLIST_FILE = ContactsNetworkTests/Info.plist;
				LD_RUNPATH_SEARCH_PATHS = (
					"$(inherited)",
					"@executable_path/Frameworks",
					"@loader_path/Frameworks",
				);
				PRODUCT_BUNDLE_IDENTIFIER = sergey.ContactsNetworkTests;
				PRODUCT_NAME = "$(TARGET_NAME)";
				SWIFT_VERSION = 4.0;
				TARGETED_DEVICE_FAMILY = "1,2";
				TEST_HOST = "$(BUILT_PRODUCTS_DIR)/ContactsNetwork.app/ContactsNetwork";
			};
			name = Debug;
		};
		4270D382238261B200735A56 /* Release */ = {
			isa = XCBuildConfiguration;
			buildSettings = {
				ALWAYS_EMBED_SWIFT_STANDARD_LIBRARIES = YES;
				BUNDLE_LOADER = "$(TEST_HOST)";
				CODE_SIGN_STYLE = Automatic;
				INFOPLIST_FILE = ContactsNetworkTests/Info.plist;
				LD_RUNPATH_SEARCH_PATHS = (
					"$(inherited)",
					"@executable_path/Frameworks",
					"@loader_path/Frameworks",
				);
				PRODUCT_BUNDLE_IDENTIFIER = sergey.ContactsNetworkTests;
				PRODUCT_NAME = "$(TARGET_NAME)";
				SWIFT_VERSION = 4.0;
				TARGETED_DEVICE_FAMILY = "1,2";
				TEST_HOST = "$(BUILT_PRODUCTS_DIR)/ContactsNetwork.app/ContactsNetwork";
			};
			name = Release;
		};
		4270D384238261B200735A56 /* Debug */ = {
			isa = XCBuildConfiguration;
			buildSettings = {
				ALWAYS_EMBED_SWIFT_STANDARD_LIBRARIES = YES;
				CODE_SIGN_STYLE = Automatic;
				INFOPLIST_FILE = ContactsNetworkUITests/Info.plist;
				LD_RUNPATH_SEARCH_PATHS = (
					"$(inherited)",
					"@executable_path/Frameworks",
					"@loader_path/Frameworks",
				);
				PRODUCT_BUNDLE_IDENTIFIER = sergey.ContactsNetworkUITests;
				PRODUCT_NAME = "$(TARGET_NAME)";
				SWIFT_VERSION = 4.0;
				TARGETED_DEVICE_FAMILY = "1,2";
				TEST_TARGET_NAME = ContactsNetwork;
			};
			name = Debug;
		};
		4270D385238261B200735A56 /* Release */ = {
			isa = XCBuildConfiguration;
			buildSettings = {
				ALWAYS_EMBED_SWIFT_STANDARD_LIBRARIES = YES;
				CODE_SIGN_STYLE = Automatic;
				INFOPLIST_FILE = ContactsNetworkUITests/Info.plist;
				LD_RUNPATH_SEARCH_PATHS = (
					"$(inherited)",
					"@executable_path/Frameworks",
					"@loader_path/Frameworks",
				);
				PRODUCT_BUNDLE_IDENTIFIER = sergey.ContactsNetworkUITests;
				PRODUCT_NAME = "$(TARGET_NAME)";
				SWIFT_VERSION = 4.0;
				TARGETED_DEVICE_FAMILY = "1,2";
				TEST_TARGET_NAME = ContactsNetwork;
			};
			name = Release;
		};
/* End XCBuildConfiguration section */

/* Begin XCConfigurationList section */
		4270D350238261AF00735A56 /* Build configuration list for PBXProject "ContactsNetwork" */ = {
			isa = XCConfigurationList;
			buildConfigurations = (
				4270D37B238261B200735A56 /* Debug */,
				4270D37C238261B200735A56 /* Release */,
			);
			defaultConfigurationIsVisible = 0;
			defaultConfigurationName = Release;
		};
		4270D37D238261B200735A56 /* Build configuration list for PBXNativeTarget "ContactsNetwork" */ = {
			isa = XCConfigurationList;
			buildConfigurations = (
				4270D37E238261B200735A56 /* Debug */,
				4270D37F238261B200735A56 /* Release */,
			);
			defaultConfigurationIsVisible = 0;
			defaultConfigurationName = Release;
		};
		4270D380238261B200735A56 /* Build configuration list for PBXNativeTarget "ContactsNetworkTests" */ = {
			isa = XCConfigurationList;
			buildConfigurations = (
				4270D381238261B200735A56 /* Debug */,
				4270D382238261B200735A56 /* Release */,
			);
			defaultConfigurationIsVisible = 0;
			defaultConfigurationName = Release;
		};
		4270D383238261B200735A56 /* Build configuration list for PBXNativeTarget "ContactsNetworkUITests" */ = {
			isa = XCConfigurationList;
			buildConfigurations = (
				4270D384238261B200735A56 /* Debug */,
				4270D385238261B200735A56 /* Release */,
			);
			defaultConfigurationIsVisible = 0;
			defaultConfigurationName = Release;
		};
/* End XCConfigurationList section */
	};
	rootObject = 4270D34D238261AF00735A56 /* Project object */;
}
